// !$*UTF8*$!
{
	archiveVersion = 1;
	classes = {
	};
	objectVersion = 50;
	objects = {

/* Begin PBXBuildFile section */
		422676B320C7EF710007C006 /* SelectedTextGrabber.swift in Sources */ = {isa = PBXBuildFile; fileRef = 422676B220C7EF710007C006 /* SelectedTextGrabber.swift */; };
		422676B520C804AF0007C006 /* CursorGestureTracker.swift in Sources */ = {isa = PBXBuildFile; fileRef = 422676B420C804AF0007C006 /* CursorGestureTracker.swift */; };
		422C1A2520EC3A2400F0A7D1 /* CoreData.framework in Frameworks */ = {isa = PBXBuildFile; fileRef = 422C1A2420EC3A2400F0A7D1 /* CoreData.framework */; };
		423C627320DAA30D00BADB1D /* SearchEnginePreferencesViewController.swift in Sources */ = {isa = PBXBuildFile; fileRef = 423C627220DAA30D00BADB1D /* SearchEnginePreferencesViewController.swift */; };
		423C627620DAA31C00BADB1D /* ContextPreferencesViewController.swift in Sources */ = {isa = PBXBuildFile; fileRef = 423C627420DAA31C00BADB1D /* ContextPreferencesViewController.swift */; };
		4243C3DD20DB071200925FE7 /* stackoverflow.com.xml in Resources */ = {isa = PBXBuildFile; fileRef = 4243C3DA20DB071200925FE7 /* stackoverflow.com.xml */; };
		4243C3DE20DB071200925FE7 /* duckduckgo.com.xml in Resources */ = {isa = PBXBuildFile; fileRef = 4243C3DB20DB071200925FE7 /* duckduckgo.com.xml */; };
		4243C3DF20DB071200925FE7 /* google.com.xml in Resources */ = {isa = PBXBuildFile; fileRef = 4243C3DC20DB071200925FE7 /* google.com.xml */; };
		4243C3E120DB071D00925FE7 /* OpenSearch.swift in Sources */ = {isa = PBXBuildFile; fileRef = 4243C3E020DB071D00925FE7 /* OpenSearch.swift */; };
		4243C3F220DB078E00925FE7 /* OpenSearchTests.swift in Sources */ = {isa = PBXBuildFile; fileRef = 4243C3F120DB078E00925FE7 /* OpenSearchTests.swift */; };
		4243C3F720DB07D700925FE7 /* sample.detailed.xml in Resources */ = {isa = PBXBuildFile; fileRef = 4243C3F520DB07D700925FE7 /* sample.detailed.xml */; };
		4243C3F820DB07D700925FE7 /* sample.simple.xml in Resources */ = {isa = PBXBuildFile; fileRef = 4243C3F620DB07D700925FE7 /* sample.simple.xml */; };
		4243C3FE20DB0A0E00925FE7 /* SearchEngineService.swift in Sources */ = {isa = PBXBuildFile; fileRef = 4243C3FD20DB0A0E00925FE7 /* SearchEngineService.swift */; };
		4243C40220DB0EDF00925FE7 /* ContextService.swift in Sources */ = {isa = PBXBuildFile; fileRef = 4243C40120DB0EDF00925FE7 /* ContextService.swift */; };
		425D3E9820EC3CC600F5DAE4 /* _Context.swift in Sources */ = {isa = PBXBuildFile; fileRef = 425D3E9620EC3CC600F5DAE4 /* _Context.swift */; };
		425D3E9920EC3CC600F5DAE4 /* _SearchEngine.swift in Sources */ = {isa = PBXBuildFile; fileRef = 425D3E9720EC3CC600F5DAE4 /* _SearchEngine.swift */; };
		425D3E9C20EC3CE900F5DAE4 /* SearchEngine.swift in Sources */ = {isa = PBXBuildFile; fileRef = 425D3E9A20EC3CE900F5DAE4 /* SearchEngine.swift */; };
		425D3E9D20EC3CE900F5DAE4 /* Context.swift in Sources */ = {isa = PBXBuildFile; fileRef = 425D3E9B20EC3CE900F5DAE4 /* Context.swift */; };
		426BC34120D0512D004AA062 /* dsa_pub.pem in Resources */ = {isa = PBXBuildFile; fileRef = 426BC34020D0512D004AA062 /* dsa_pub.pem */; };
		4272AF0820C686BB00F15834 /* AppDelegate.swift in Sources */ = {isa = PBXBuildFile; fileRef = 4272AF0720C686BB00F15834 /* AppDelegate.swift */; };
		4272AF0A20C686BB00F15834 /* ViewController.swift in Sources */ = {isa = PBXBuildFile; fileRef = 4272AF0920C686BB00F15834 /* ViewController.swift */; };
		4272AF0C20C686BD00F15834 /* Assets.xcassets in Resources */ = {isa = PBXBuildFile; fileRef = 4272AF0B20C686BD00F15834 /* Assets.xcassets */; };
		4272AF0F20C686BD00F15834 /* Main.storyboard in Resources */ = {isa = PBXBuildFile; fileRef = 4272AF0D20C686BD00F15834 /* Main.storyboard */; };
		4272AF1A20C6A4DD00F15834 /* SearchWindowController.swift in Sources */ = {isa = PBXBuildFile; fileRef = 4272AF1920C6A4DD00F15834 /* SearchWindowController.swift */; };
		42A3431620E13B36002BF7B6 /* ProgressBar.swift in Sources */ = {isa = PBXBuildFile; fileRef = 42A3431520E13B36002BF7B6 /* ProgressBar.swift */; };
		42A3431B20E14A38002BF7B6 /* Comparable+Additions.swift in Sources */ = {isa = PBXBuildFile; fileRef = 42A3431A20E14A38002BF7B6 /* Comparable+Additions.swift */; };
		42BE781F20EC353500A43B1F /* DataStack.swift in Sources */ = {isa = PBXBuildFile; fileRef = 42BE781E20EC353500A43B1F /* DataStack.swift */; };
		42BE782220EC35E600A43B1F /* DataModel.xcdatamodeld in Sources */ = {isa = PBXBuildFile; fileRef = 42BE782020EC35E600A43B1F /* DataModel.xcdatamodeld */; };
		42F82E2F20C95EF300385465 /* Credits.rtfd in Resources */ = {isa = PBXBuildFile; fileRef = 42F82E2E20C95EF300385465 /* Credits.rtfd */; };
		F6FFA44A73269B80ACFA3681 /* Pods_Blotchy.framework in Frameworks */ = {isa = PBXBuildFile; fileRef = 960BBAF11BD45921ED9D044A /* Pods_Blotchy.framework */; };
/* End PBXBuildFile section */

/* Begin PBXContainerItemProxy section */
		4243C3EB20DB077100925FE7 /* PBXContainerItemProxy */ = {
			isa = PBXContainerItemProxy;
			containerPortal = 4272AEFC20C686BB00F15834 /* Project object */;
			proxyType = 1;
			remoteGlobalIDString = 4272AF0320C686BB00F15834;
			remoteInfo = Blotchy;
		};
/* End PBXContainerItemProxy section */

/* Begin PBXFileReference section */
		422676B220C7EF710007C006 /* SelectedTextGrabber.swift */ = {isa = PBXFileReference; lastKnownFileType = sourcecode.swift; path = SelectedTextGrabber.swift; sourceTree = "<group>"; };
		422676B420C804AF0007C006 /* CursorGestureTracker.swift */ = {isa = PBXFileReference; lastKnownFileType = sourcecode.swift; path = CursorGestureTracker.swift; sourceTree = "<group>"; };
		422C1A2420EC3A2400F0A7D1 /* CoreData.framework */ = {isa = PBXFileReference; lastKnownFileType = wrapper.framework; name = CoreData.framework; path = System/Library/Frameworks/CoreData.framework; sourceTree = SDKROOT; };
		423C627220DAA30D00BADB1D /* SearchEnginePreferencesViewController.swift */ = {isa = PBXFileReference; lastKnownFileType = sourcecode.swift; path = SearchEnginePreferencesViewController.swift; sourceTree = "<group>"; };
		423C627420DAA31C00BADB1D /* ContextPreferencesViewController.swift */ = {isa = PBXFileReference; lastKnownFileType = sourcecode.swift; path = ContextPreferencesViewController.swift; sourceTree = "<group>"; };
		4243C3DA20DB071200925FE7 /* stackoverflow.com.xml */ = {isa = PBXFileReference; fileEncoding = 4; lastKnownFileType = text.xml; name = stackoverflow.com.xml; path = opensearch/stackoverflow.com.xml; sourceTree = SOURCE_ROOT; };
		4243C3DB20DB071200925FE7 /* duckduckgo.com.xml */ = {isa = PBXFileReference; fileEncoding = 4; lastKnownFileType = text.xml; name = duckduckgo.com.xml; path = opensearch/duckduckgo.com.xml; sourceTree = SOURCE_ROOT; };
		4243C3DC20DB071200925FE7 /* google.com.xml */ = {isa = PBXFileReference; fileEncoding = 4; lastKnownFileType = text.xml; name = google.com.xml; path = opensearch/google.com.xml; sourceTree = SOURCE_ROOT; };
		4243C3E020DB071D00925FE7 /* OpenSearch.swift */ = {isa = PBXFileReference; lastKnownFileType = sourcecode.swift; path = OpenSearch.swift; sourceTree = "<group>"; };
		4243C3E620DB077000925FE7 /* BlotchyTests.xctest */ = {isa = PBXFileReference; explicitFileType = wrapper.cfbundle; includeInIndex = 0; path = BlotchyTests.xctest; sourceTree = BUILT_PRODUCTS_DIR; };
		4243C3EA20DB077100925FE7 /* Info.plist */ = {isa = PBXFileReference; lastKnownFileType = text.plist.xml; path = Info.plist; sourceTree = "<group>"; };
		4243C3F020DB078D00925FE7 /* BlotchyTests-Bridging-Header.h */ = {isa = PBXFileReference; lastKnownFileType = sourcecode.c.h; path = "BlotchyTests-Bridging-Header.h"; sourceTree = "<group>"; };
		4243C3F120DB078E00925FE7 /* OpenSearchTests.swift */ = {isa = PBXFileReference; lastKnownFileType = sourcecode.swift; path = OpenSearchTests.swift; sourceTree = "<group>"; };
		4243C3F520DB07D700925FE7 /* sample.detailed.xml */ = {isa = PBXFileReference; fileEncoding = 4; lastKnownFileType = text.xml; path = sample.detailed.xml; sourceTree = "<group>"; };
		4243C3F620DB07D700925FE7 /* sample.simple.xml */ = {isa = PBXFileReference; fileEncoding = 4; lastKnownFileType = text.xml; path = sample.simple.xml; sourceTree = "<group>"; };
		4243C3FD20DB0A0E00925FE7 /* SearchEngineService.swift */ = {isa = PBXFileReference; lastKnownFileType = sourcecode.swift; path = SearchEngineService.swift; sourceTree = "<group>"; };
		4243C40120DB0EDF00925FE7 /* ContextService.swift */ = {isa = PBXFileReference; lastKnownFileType = sourcecode.swift; path = ContextService.swift; sourceTree = "<group>"; };
		425D3E9620EC3CC600F5DAE4 /* _Context.swift */ = {isa = PBXFileReference; fileEncoding = 4; lastKnownFileType = sourcecode.swift; path = _Context.swift; sourceTree = "<group>"; };
		425D3E9720EC3CC600F5DAE4 /* _SearchEngine.swift */ = {isa = PBXFileReference; fileEncoding = 4; lastKnownFileType = sourcecode.swift; path = _SearchEngine.swift; sourceTree = "<group>"; };
		425D3E9A20EC3CE900F5DAE4 /* SearchEngine.swift */ = {isa = PBXFileReference; fileEncoding = 4; lastKnownFileType = sourcecode.swift; path = SearchEngine.swift; sourceTree = "<group>"; };
		425D3E9B20EC3CE900F5DAE4 /* Context.swift */ = {isa = PBXFileReference; fileEncoding = 4; lastKnownFileType = sourcecode.swift; path = Context.swift; sourceTree = "<group>"; };
		426BC34020D0512D004AA062 /* dsa_pub.pem */ = {isa = PBXFileReference; fileEncoding = 4; lastKnownFileType = text; name = dsa_pub.pem; path = sparkle/dsa_pub.pem; sourceTree = SOURCE_ROOT; };
		4272AF0420C686BB00F15834 /* Blotchy.app */ = {isa = PBXFileReference; explicitFileType = wrapper.application; includeInIndex = 0; path = Blotchy.app; sourceTree = BUILT_PRODUCTS_DIR; };
		4272AF0720C686BB00F15834 /* AppDelegate.swift */ = {isa = PBXFileReference; lastKnownFileType = sourcecode.swift; path = AppDelegate.swift; sourceTree = "<group>"; };
		4272AF0920C686BB00F15834 /* ViewController.swift */ = {isa = PBXFileReference; lastKnownFileType = sourcecode.swift; path = ViewController.swift; sourceTree = "<group>"; };
		4272AF0B20C686BD00F15834 /* Assets.xcassets */ = {isa = PBXFileReference; lastKnownFileType = folder.assetcatalog; path = Assets.xcassets; sourceTree = "<group>"; };
		4272AF0E20C686BD00F15834 /* Base */ = {isa = PBXFileReference; lastKnownFileType = file.storyboard; name = Base; path = Base.lproj/Main.storyboard; sourceTree = "<group>"; };
		4272AF1020C686BD00F15834 /* Info.plist */ = {isa = PBXFileReference; lastKnownFileType = text.plist.xml; path = Info.plist; sourceTree = "<group>"; };
		4272AF1920C6A4DD00F15834 /* SearchWindowController.swift */ = {isa = PBXFileReference; lastKnownFileType = sourcecode.swift; path = SearchWindowController.swift; sourceTree = "<group>"; };
		42A3431520E13B36002BF7B6 /* ProgressBar.swift */ = {isa = PBXFileReference; lastKnownFileType = sourcecode.swift; path = ProgressBar.swift; sourceTree = "<group>"; };
		42A3431A20E14A38002BF7B6 /* Comparable+Additions.swift */ = {isa = PBXFileReference; lastKnownFileType = sourcecode.swift; path = "Comparable+Additions.swift"; sourceTree = "<group>"; };
		42BE781E20EC353500A43B1F /* DataStack.swift */ = {isa = PBXFileReference; lastKnownFileType = sourcecode.swift; path = DataStack.swift; sourceTree = "<group>"; };
		42BE782120EC35E600A43B1F /* DataModel.xcdatamodel */ = {isa = PBXFileReference; lastKnownFileType = wrapper.xcdatamodel; path = DataModel.xcdatamodel; sourceTree = "<group>"; };
		42F82E2E20C95EF300385465 /* Credits.rtfd */ = {isa = PBXFileReference; lastKnownFileType = wrapper.rtfd; path = Credits.rtfd; sourceTree = "<group>"; };
		5604E62ADCECD31F55BE08B3 /* Pods-Blotchy.release.xcconfig */ = {isa = PBXFileReference; includeInIndex = 1; lastKnownFileType = text.xcconfig; name = "Pods-Blotchy.release.xcconfig"; path = "Pods/Target Support Files/Pods-Blotchy/Pods-Blotchy.release.xcconfig"; sourceTree = "<group>"; };
		696E8E9F6CF3A28CA09A1744 /* Pods-Blotchy.debug.xcconfig */ = {isa = PBXFileReference; includeInIndex = 1; lastKnownFileType = text.xcconfig; name = "Pods-Blotchy.debug.xcconfig"; path = "Pods/Target Support Files/Pods-Blotchy/Pods-Blotchy.debug.xcconfig"; sourceTree = "<group>"; };
		960BBAF11BD45921ED9D044A /* Pods_Blotchy.framework */ = {isa = PBXFileReference; explicitFileType = wrapper.framework; includeInIndex = 0; path = Pods_Blotchy.framework; sourceTree = BUILT_PRODUCTS_DIR; };
/* End PBXFileReference section */

/* Begin PBXFrameworksBuildPhase section */
		4243C3E320DB077000925FE7 /* Frameworks */ = {
			isa = PBXFrameworksBuildPhase;
			buildActionMask = 2147483647;
			files = (
			);
			runOnlyForDeploymentPostprocessing = 0;
		};
		4272AF0120C686BB00F15834 /* Frameworks */ = {
			isa = PBXFrameworksBuildPhase;
			buildActionMask = 2147483647;
			files = (
				422C1A2520EC3A2400F0A7D1 /* CoreData.framework in Frameworks */,
				F6FFA44A73269B80ACFA3681 /* Pods_Blotchy.framework in Frameworks */,
			);
			runOnlyForDeploymentPostprocessing = 0;
		};
/* End PBXFrameworksBuildPhase section */

/* Begin PBXGroup section */
		20CBA8EB41AE3A3C0B90ABB5 /* Frameworks */ = {
			isa = PBXGroup;
			children = (
				422C1A2420EC3A2400F0A7D1 /* CoreData.framework */,
				960BBAF11BD45921ED9D044A /* Pods_Blotchy.framework */,
			);
			name = Frameworks;
			sourceTree = "<group>";
		};
		422C1A2220EC394F00F0A7D1 /* Generated */ = {
			isa = PBXGroup;
			children = (
				425D3E9620EC3CC600F5DAE4 /* _Context.swift */,
				425D3E9720EC3CC600F5DAE4 /* _SearchEngine.swift */,
			);
			name = Generated;
			sourceTree = "<group>";
		};
		422C1A2320EC395B00F0A7D1 /* Models */ = {
			isa = PBXGroup;
			children = (
				422C1A2220EC394F00F0A7D1 /* Generated */,
				425D3E9B20EC3CE900F5DAE4 /* Context.swift */,
				425D3E9A20EC3CE900F5DAE4 /* SearchEngine.swift */,
			);
			name = Models;
			sourceTree = "<group>";
		};
		423C627120DA870B00BADB1D /* Preferences */ = {
			isa = PBXGroup;
			children = (
				423C627220DAA30D00BADB1D /* SearchEnginePreferencesViewController.swift */,
				423C627420DAA31C00BADB1D /* ContextPreferencesViewController.swift */,
			);
			path = Preferences;
			sourceTree = "<group>";
		};
		4243C3D820DB06F300925FE7 /* OpenSearch */ = {
			isa = PBXGroup;
			children = (
				4243C3D920DB06FF00925FE7 /* Engines */,
				4243C3E020DB071D00925FE7 /* OpenSearch.swift */,
			);
			name = OpenSearch;
			sourceTree = "<group>";
		};
		4243C3D920DB06FF00925FE7 /* Engines */ = {
			isa = PBXGroup;
			children = (
				4243C3DB20DB071200925FE7 /* duckduckgo.com.xml */,
				4243C3DC20DB071200925FE7 /* google.com.xml */,
				4243C3DA20DB071200925FE7 /* stackoverflow.com.xml */,
			);
			name = Engines;
			sourceTree = "<group>";
		};
		4243C3E720DB077100925FE7 /* BlotchyTests */ = {
			isa = PBXGroup;
			children = (
				4243C3F320DB07B700925FE7 /* OpenSearch */,
				4243C3EA20DB077100925FE7 /* Info.plist */,
				4243C3F020DB078D00925FE7 /* BlotchyTests-Bridging-Header.h */,
			);
			path = BlotchyTests;
			sourceTree = "<group>";
		};
		4243C3F320DB07B700925FE7 /* OpenSearch */ = {
			isa = PBXGroup;
			children = (
				4243C3F420DB07C100925FE7 /* Fixtures */,
				4243C3F120DB078E00925FE7 /* OpenSearchTests.swift */,
			);
			name = OpenSearch;
			sourceTree = "<group>";
		};
		4243C3F420DB07C100925FE7 /* Fixtures */ = {
			isa = PBXGroup;
			children = (
				4243C3F520DB07D700925FE7 /* sample.detailed.xml */,
				4243C3F620DB07D700925FE7 /* sample.simple.xml */,
			);
			name = Fixtures;
			sourceTree = "<group>";
		};
		4243C3FC20DB09F400925FE7 /* Services */ = {
			isa = PBXGroup;
			children = (
				4243C3FD20DB0A0E00925FE7 /* SearchEngineService.swift */,
				4243C40120DB0EDF00925FE7 /* ContextService.swift */,
			);
			path = Services;
			sourceTree = "<group>";
		};
		4272AEFB20C686BB00F15834 = {
			isa = PBXGroup;
			children = (
				4272AF0620C686BB00F15834 /* Blotchy */,
				4243C3E720DB077100925FE7 /* BlotchyTests */,
				4272AF0520C686BB00F15834 /* Products */,
				DD9EC2E2FC317E44E9F8B327 /* Pods */,
				20CBA8EB41AE3A3C0B90ABB5 /* Frameworks */,
			);
			sourceTree = "<group>";
		};
		4272AF0520C686BB00F15834 /* Products */ = {
			isa = PBXGroup;
			children = (
				4272AF0420C686BB00F15834 /* Blotchy.app */,
				4243C3E620DB077000925FE7 /* BlotchyTests.xctest */,
			);
			name = Products;
			sourceTree = "<group>";
		};
		4272AF0620C686BB00F15834 /* Blotchy */ = {
			isa = PBXGroup;
			children = (
				42BE781D20EC34C300A43B1F /* CoreData */,
				42A3431720E13EFD002BF7B6 /* Extensions */,
				4243C3D820DB06F300925FE7 /* OpenSearch */,
				423C627120DA870B00BADB1D /* Preferences */,
				4243C3FC20DB09F400925FE7 /* Services */,
				42A3431420E13B22002BF7B6 /* Views */,
				4272AF0720C686BB00F15834 /* AppDelegate.swift */,
				4272AF0920C686BB00F15834 /* ViewController.swift */,
				4272AF1920C6A4DD00F15834 /* SearchWindowController.swift */,
				422676B220C7EF710007C006 /* SelectedTextGrabber.swift */,
				422676B420C804AF0007C006 /* CursorGestureTracker.swift */,
				4272AF0B20C686BD00F15834 /* Assets.xcassets */,
				4272AF0D20C686BD00F15834 /* Main.storyboard */,
				4272AF1020C686BD00F15834 /* Info.plist */,
				42F82E2E20C95EF300385465 /* Credits.rtfd */,
				426BC34020D0512D004AA062 /* dsa_pub.pem */,
				42BE782020EC35E600A43B1F /* DataModel.xcdatamodeld */,
			);
			path = Blotchy;
			sourceTree = "<group>";
		};
		42A3431420E13B22002BF7B6 /* Views */ = {
			isa = PBXGroup;
			children = (
				42A3431520E13B36002BF7B6 /* ProgressBar.swift */,
			);
			path = Views;
			sourceTree = "<group>";
		};
		42A3431720E13EFD002BF7B6 /* Extensions */ = {
			isa = PBXGroup;
			children = (
				42A3431A20E14A38002BF7B6 /* Comparable+Additions.swift */,
			);
			path = Extensions;
			sourceTree = "<group>";
		};
		42BE781D20EC34C300A43B1F /* CoreData */ = {
			isa = PBXGroup;
			children = (
				422C1A2320EC395B00F0A7D1 /* Models */,
				42BE781E20EC353500A43B1F /* DataStack.swift */,
			);
			name = CoreData;
			sourceTree = "<group>";
		};
		DD9EC2E2FC317E44E9F8B327 /* Pods */ = {
			isa = PBXGroup;
			children = (
				696E8E9F6CF3A28CA09A1744 /* Pods-Blotchy.debug.xcconfig */,
				5604E62ADCECD31F55BE08B3 /* Pods-Blotchy.release.xcconfig */,
			);
			name = Pods;
			sourceTree = "<group>";
		};
/* End PBXGroup section */

/* Begin PBXNativeTarget section */
		4243C3E520DB077000925FE7 /* BlotchyTests */ = {
			isa = PBXNativeTarget;
			buildConfigurationList = 4243C3EF20DB077100925FE7 /* Build configuration list for PBXNativeTarget "BlotchyTests" */;
			buildPhases = (
				4243C3E220DB077000925FE7 /* Sources */,
				4243C3E320DB077000925FE7 /* Frameworks */,
				4243C3E420DB077000925FE7 /* Resources */,
			);
			buildRules = (
			);
			dependencies = (
				4243C3EC20DB077100925FE7 /* PBXTargetDependency */,
			);
			name = BlotchyTests;
			productName = BlotchyTests;
			productReference = 4243C3E620DB077000925FE7 /* BlotchyTests.xctest */;
			productType = "com.apple.product-type.bundle.unit-test";
		};
		4272AF0320C686BB00F15834 /* Blotchy */ = {
			isa = PBXNativeTarget;
			buildConfigurationList = 4272AF1420C686BD00F15834 /* Build configuration list for PBXNativeTarget "Blotchy" */;
			buildPhases = (
				5B056ED834E886E313EC8DCD /* [CP] Check Pods Manifest.lock */,
				4272AF0020C686BB00F15834 /* Sources */,
				4272AF0120C686BB00F15834 /* Frameworks */,
				4272AF0220C686BB00F15834 /* Resources */,
				925E6EFC02053BA0A2B54C04 /* [CP] Embed Pods Frameworks */,
			);
			buildRules = (
			);
			dependencies = (
			);
			name = Blotchy;
			productName = Blotchy;
			productReference = 4272AF0420C686BB00F15834 /* Blotchy.app */;
			productType = "com.apple.product-type.application";
		};
/* End PBXNativeTarget section */

/* Begin PBXProject section */
		4272AEFC20C686BB00F15834 /* Project object */ = {
			isa = PBXProject;
			attributes = {
				DefaultBuildSystemTypeForWorkspace = Original;
				LastSwiftUpdateCheck = 1000;
				LastUpgradeCheck = 1000;
				ORGANIZATIONNAME = "Joshua May";
				TargetAttributes = {
					4243C3E520DB077000925FE7 = {
						CreatedOnToolsVersion = 10.0;
						LastSwiftMigration = 1000;
						TestTargetID = 4272AF0320C686BB00F15834;
					};
					4272AF0320C686BB00F15834 = {
						CreatedOnToolsVersion = 10.0;
						SystemCapabilities = {
							com.apple.Sandbox = {
								enabled = 0;
							};
						};
					};
				};
			};
			buildConfigurationList = 4272AEFF20C686BB00F15834 /* Build configuration list for PBXProject "Blotchy" */;
			compatibilityVersion = "Xcode 9.3";
			developmentRegion = en;
			hasScannedForEncodings = 0;
			knownRegions = (
				en,
				Base,
			);
			mainGroup = 4272AEFB20C686BB00F15834;
			productRefGroup = 4272AF0520C686BB00F15834 /* Products */;
			projectDirPath = "";
			projectRoot = "";
			targets = (
				4272AF0320C686BB00F15834 /* Blotchy */,
				4243C3E520DB077000925FE7 /* BlotchyTests */,
			);
		};
/* End PBXProject section */

/* Begin PBXResourcesBuildPhase section */
		4243C3E420DB077000925FE7 /* Resources */ = {
			isa = PBXResourcesBuildPhase;
			buildActionMask = 2147483647;
			files = (
				4243C3F820DB07D700925FE7 /* sample.simple.xml in Resources */,
				4243C3F720DB07D700925FE7 /* sample.detailed.xml in Resources */,
			);
			runOnlyForDeploymentPostprocessing = 0;
		};
		4272AF0220C686BB00F15834 /* Resources */ = {
			isa = PBXResourcesBuildPhase;
			buildActionMask = 2147483647;
			files = (
				42F82E2F20C95EF300385465 /* Credits.rtfd in Resources */,
				426BC34120D0512D004AA062 /* dsa_pub.pem in Resources */,
				4243C3DD20DB071200925FE7 /* stackoverflow.com.xml in Resources */,
				4272AF0C20C686BD00F15834 /* Assets.xcassets in Resources */,
				4243C3DF20DB071200925FE7 /* google.com.xml in Resources */,
				4243C3DE20DB071200925FE7 /* duckduckgo.com.xml in Resources */,
				4272AF0F20C686BD00F15834 /* Main.storyboard in Resources */,
			);
			runOnlyForDeploymentPostprocessing = 0;
		};
/* End PBXResourcesBuildPhase section */

/* Begin PBXShellScriptBuildPhase section */
		5B056ED834E886E313EC8DCD /* [CP] Check Pods Manifest.lock */ = {
			isa = PBXShellScriptBuildPhase;
			buildActionMask = 2147483647;
			files = (
			);
			inputPaths = (
				"${PODS_PODFILE_DIR_PATH}/Podfile.lock",
				"${PODS_ROOT}/Manifest.lock",
			);
			name = "[CP] Check Pods Manifest.lock";
			outputPaths = (
				"$(DERIVED_FILE_DIR)/Pods-Blotchy-checkManifestLockResult.txt",
			);
			runOnlyForDeploymentPostprocessing = 0;
			shellPath = /bin/sh;
			shellScript = "diff \"${PODS_PODFILE_DIR_PATH}/Podfile.lock\" \"${PODS_ROOT}/Manifest.lock\" > /dev/null\nif [ $? != 0 ] ; then\n    # print error to STDERR\n    echo \"error: The sandbox is not in sync with the Podfile.lock. Run 'pod install' or update your CocoaPods installation.\" >&2\n    exit 1\nfi\n# This output is used by Xcode 'outputs' to avoid re-running this script phase.\necho \"SUCCESS\" > \"${SCRIPT_OUTPUT_FILE_0}\"\n";
			showEnvVarsInLog = 0;
		};
		925E6EFC02053BA0A2B54C04 /* [CP] Embed Pods Frameworks */ = {
			isa = PBXShellScriptBuildPhase;
			buildActionMask = 2147483647;
			files = (
			);
			inputPaths = (
				"${SRCROOT}/Pods/Target Support Files/Pods-Blotchy/Pods-Blotchy-frameworks.sh",
				"${BUILT_PRODUCTS_DIR}/AXSwift/AXSwift.framework",
				"${BUILT_PRODUCTS_DIR}/HighlightedWebView/HighlightedWebView.framework",
				"${BUILT_PRODUCTS_DIR}/MASPreferences/MASPreferences.framework",
				"${BUILT_PRODUCTS_DIR}/SWXMLHash/SWXMLHash.framework",
				"${PODS_ROOT}/Sparkle/Sparkle.framework",
				"${PODS_ROOT}/Sparkle/Sparkle.framework.dSYM",
			);
			name = "[CP] Embed Pods Frameworks";
			outputPaths = (
				"${TARGET_BUILD_DIR}/${FRAMEWORKS_FOLDER_PATH}/AXSwift.framework",
				"${TARGET_BUILD_DIR}/${FRAMEWORKS_FOLDER_PATH}/HighlightedWebView.framework",
				"${TARGET_BUILD_DIR}/${FRAMEWORKS_FOLDER_PATH}/MASPreferences.framework",
				"${TARGET_BUILD_DIR}/${FRAMEWORKS_FOLDER_PATH}/SWXMLHash.framework",
				"${TARGET_BUILD_DIR}/${FRAMEWORKS_FOLDER_PATH}/Sparkle.framework",
				"${DWARF_DSYM_FOLDER_PATH}/Sparkle.framework.dSYM",
			);
			runOnlyForDeploymentPostprocessing = 0;
			shellPath = /bin/sh;
			shellScript = "\"${SRCROOT}/Pods/Target Support Files/Pods-Blotchy/Pods-Blotchy-frameworks.sh\"\n";
			showEnvVarsInLog = 0;
		};
/* End PBXShellScriptBuildPhase section */

/* Begin PBXSourcesBuildPhase section */
		4243C3E220DB077000925FE7 /* Sources */ = {
			isa = PBXSourcesBuildPhase;
			buildActionMask = 2147483647;
			files = (
				4243C3F220DB078E00925FE7 /* OpenSearchTests.swift in Sources */,
			);
			runOnlyForDeploymentPostprocessing = 0;
		};
		4272AF0020C686BB00F15834 /* Sources */ = {
			isa = PBXSourcesBuildPhase;
			buildActionMask = 2147483647;
			files = (
				42A3431B20E14A38002BF7B6 /* Comparable+Additions.swift in Sources */,
				422676B520C804AF0007C006 /* CursorGestureTracker.swift in Sources */,
				4243C40220DB0EDF00925FE7 /* ContextService.swift in Sources */,
				4243C3FE20DB0A0E00925FE7 /* SearchEngineService.swift in Sources */,
				4272AF1A20C6A4DD00F15834 /* SearchWindowController.swift in Sources */,
				42BE781F20EC353500A43B1F /* DataStack.swift in Sources */,
				4272AF0A20C686BB00F15834 /* ViewController.swift in Sources */,
				425D3E9C20EC3CE900F5DAE4 /* SearchEngine.swift in Sources */,
				4243C3E120DB071D00925FE7 /* OpenSearch.swift in Sources */,
				42BE782220EC35E600A43B1F /* DataModel.xcdatamodeld in Sources */,
				4272AF0820C686BB00F15834 /* AppDelegate.swift in Sources */,
				423C627320DAA30D00BADB1D /* SearchEnginePreferencesViewController.swift in Sources */,
				425D3E9D20EC3CE900F5DAE4 /* Context.swift in Sources */,
				42A3431620E13B36002BF7B6 /* ProgressBar.swift in Sources */,
				423C627620DAA31C00BADB1D /* ContextPreferencesViewController.swift in Sources */,
				425D3E9820EC3CC600F5DAE4 /* _Context.swift in Sources */,
				422676B320C7EF710007C006 /* SelectedTextGrabber.swift in Sources */,
				425D3E9920EC3CC600F5DAE4 /* _SearchEngine.swift in Sources */,
			);
			runOnlyForDeploymentPostprocessing = 0;
		};
/* End PBXSourcesBuildPhase section */

/* Begin PBXTargetDependency section */
		4243C3EC20DB077100925FE7 /* PBXTargetDependency */ = {
			isa = PBXTargetDependency;
			target = 4272AF0320C686BB00F15834 /* Blotchy */;
			targetProxy = 4243C3EB20DB077100925FE7 /* PBXContainerItemProxy */;
		};
/* End PBXTargetDependency section */

/* Begin PBXVariantGroup section */
		4272AF0D20C686BD00F15834 /* Main.storyboard */ = {
			isa = PBXVariantGroup;
			children = (
				4272AF0E20C686BD00F15834 /* Base */,
			);
			name = Main.storyboard;
			sourceTree = "<group>";
		};
/* End PBXVariantGroup section */

/* Begin XCBuildConfiguration section */
		4243C3ED20DB077100925FE7 /* Debug */ = {
			isa = XCBuildConfiguration;
			buildSettings = {
				BUNDLE_LOADER = "$(TEST_HOST)";
				CLANG_ENABLE_MODULES = YES;
				CODE_SIGN_IDENTITY = "";
				CODE_SIGN_STYLE = Manual;
				COMBINE_HIDPI_IMAGES = YES;
				DEVELOPMENT_TEAM = "";
				INFOPLIST_FILE = BlotchyTests/Info.plist;
				LD_RUNPATH_SEARCH_PATHS = (
					"$(inherited)",
					"@executable_path/../Frameworks",
					"@loader_path/../Frameworks",
				);
				PRODUCT_BUNDLE_IDENTIFIER = com.notjosh.BlotchyTests;
				PRODUCT_NAME = "$(TARGET_NAME)";
				PROVISIONING_PROFILE_SPECIFIER = "";
				SWIFT_OBJC_BRIDGING_HEADER = "BlotchyTests/BlotchyTests-Bridging-Header.h";
				SWIFT_OPTIMIZATION_LEVEL = "-Onone";
				SWIFT_VERSION = 4.2;
				TEST_HOST = "$(BUILT_PRODUCTS_DIR)/Blotchy.app/Contents/MacOS/Blotchy";
			};
			name = Debug;
		};
		4243C3EE20DB077100925FE7 /* Release */ = {
			isa = XCBuildConfiguration;
			buildSettings = {
				BUNDLE_LOADER = "$(TEST_HOST)";
				CLANG_ENABLE_MODULES = YES;
				CODE_SIGN_STYLE = Manual;
				COMBINE_HIDPI_IMAGES = YES;
				DEVELOPMENT_TEAM = "";
				INFOPLIST_FILE = BlotchyTests/Info.plist;
				LD_RUNPATH_SEARCH_PATHS = (
					"$(inherited)",
					"@executable_path/../Frameworks",
					"@loader_path/../Frameworks",
				);
				PRODUCT_BUNDLE_IDENTIFIER = com.notjosh.BlotchyTests;
				PRODUCT_NAME = "$(TARGET_NAME)";
				PROVISIONING_PROFILE_SPECIFIER = "";
				SWIFT_OBJC_BRIDGING_HEADER = "BlotchyTests/BlotchyTests-Bridging-Header.h";
				SWIFT_VERSION = 4.2;
				TEST_HOST = "$(BUILT_PRODUCTS_DIR)/Blotchy.app/Contents/MacOS/Blotchy";
			};
			name = Release;
		};
		4272AF1220C686BD00F15834 /* Debug */ = {
			isa = XCBuildConfiguration;
			buildSettings = {
				ALWAYS_SEARCH_USER_PATHS = NO;
				CLANG_ANALYZER_NONNULL = YES;
				CLANG_ANALYZER_NUMBER_OBJECT_CONVERSION = YES_AGGRESSIVE;
				CLANG_CXX_LANGUAGE_STANDARD = "gnu++14";
				CLANG_CXX_LIBRARY = "libc++";
				CLANG_ENABLE_MODULES = YES;
				CLANG_ENABLE_OBJC_ARC = YES;
				CLANG_ENABLE_OBJC_WEAK = YES;
				CLANG_WARN_BLOCK_CAPTURE_AUTORELEASING = YES;
				CLANG_WARN_BOOL_CONVERSION = YES;
				CLANG_WARN_COMMA = YES;
				CLANG_WARN_CONSTANT_CONVERSION = YES;
				CLANG_WARN_DEPRECATED_OBJC_IMPLEMENTATIONS = YES;
				CLANG_WARN_DIRECT_OBJC_ISA_USAGE = YES_ERROR;
				CLANG_WARN_DOCUMENTATION_COMMENTS = YES;
				CLANG_WARN_EMPTY_BODY = YES;
				CLANG_WARN_ENUM_CONVERSION = YES;
				CLANG_WARN_INFINITE_RECURSION = YES;
				CLANG_WARN_INT_CONVERSION = YES;
				CLANG_WARN_NON_LITERAL_NULL_CONVERSION = YES;
				CLANG_WARN_OBJC_IMPLICIT_RETAIN_SELF = YES;
				CLANG_WARN_OBJC_LITERAL_CONVERSION = YES;
				CLANG_WARN_OBJC_ROOT_CLASS = YES_ERROR;
				CLANG_WARN_RANGE_LOOP_ANALYSIS = YES;
				CLANG_WARN_STRICT_PROTOTYPES = YES;
				CLANG_WARN_SUSPICIOUS_MOVE = YES;
				CLANG_WARN_UNGUARDED_AVAILABILITY = YES_AGGRESSIVE;
				CLANG_WARN_UNREACHABLE_CODE = YES;
				CLANG_WARN__DUPLICATE_METHOD_MATCH = YES;
				CODE_SIGN_IDENTITY = "Mac Developer";
				COPY_PHASE_STRIP = NO;
				DEBUG_INFORMATION_FORMAT = dwarf;
				ENABLE_STRICT_OBJC_MSGSEND = YES;
				ENABLE_TESTABILITY = YES;
				GCC_C_LANGUAGE_STANDARD = gnu11;
				GCC_DYNAMIC_NO_PIC = NO;
				GCC_NO_COMMON_BLOCKS = YES;
				GCC_OPTIMIZATION_LEVEL = 0;
				GCC_PREPROCESSOR_DEFINITIONS = (
					"DEBUG=1",
					"$(inherited)",
				);
				GCC_WARN_64_TO_32_BIT_CONVERSION = YES;
				GCC_WARN_ABOUT_RETURN_TYPE = YES_ERROR;
				GCC_WARN_UNDECLARED_SELECTOR = YES;
				GCC_WARN_UNINITIALIZED_AUTOS = YES_AGGRESSIVE;
				GCC_WARN_UNUSED_FUNCTION = YES;
				GCC_WARN_UNUSED_VARIABLE = YES;
				MACOSX_DEPLOYMENT_TARGET = 10.14;
				MTL_ENABLE_DEBUG_INFO = INCLUDE_SOURCE;
				ONLY_ACTIVE_ARCH = YES;
				SDKROOT = macosx;
				SWIFT_ACTIVE_COMPILATION_CONDITIONS = DEBUG;
				SWIFT_OPTIMIZATION_LEVEL = "-Onone";
			};
			name = Debug;
		};
		4272AF1320C686BD00F15834 /* Release */ = {
			isa = XCBuildConfiguration;
			buildSettings = {
				ALWAYS_SEARCH_USER_PATHS = NO;
				CLANG_ANALYZER_NONNULL = YES;
				CLANG_ANALYZER_NUMBER_OBJECT_CONVERSION = YES_AGGRESSIVE;
				CLANG_CXX_LANGUAGE_STANDARD = "gnu++14";
				CLANG_CXX_LIBRARY = "libc++";
				CLANG_ENABLE_MODULES = YES;
				CLANG_ENABLE_OBJC_ARC = YES;
				CLANG_ENABLE_OBJC_WEAK = YES;
				CLANG_WARN_BLOCK_CAPTURE_AUTORELEASING = YES;
				CLANG_WARN_BOOL_CONVERSION = YES;
				CLANG_WARN_COMMA = YES;
				CLANG_WARN_CONSTANT_CONVERSION = YES;
				CLANG_WARN_DEPRECATED_OBJC_IMPLEMENTATIONS = YES;
				CLANG_WARN_DIRECT_OBJC_ISA_USAGE = YES_ERROR;
				CLANG_WARN_DOCUMENTATION_COMMENTS = YES;
				CLANG_WARN_EMPTY_BODY = YES;
				CLANG_WARN_ENUM_CONVERSION = YES;
				CLANG_WARN_INFINITE_RECURSION = YES;
				CLANG_WARN_INT_CONVERSION = YES;
				CLANG_WARN_NON_LITERAL_NULL_CONVERSION = YES;
				CLANG_WARN_OBJC_IMPLICIT_RETAIN_SELF = YES;
				CLANG_WARN_OBJC_LITERAL_CONVERSION = YES;
				CLANG_WARN_OBJC_ROOT_CLASS = YES_ERROR;
				CLANG_WARN_RANGE_LOOP_ANALYSIS = YES;
				CLANG_WARN_STRICT_PROTOTYPES = YES;
				CLANG_WARN_SUSPICIOUS_MOVE = YES;
				CLANG_WARN_UNGUARDED_AVAILABILITY = YES_AGGRESSIVE;
				CLANG_WARN_UNREACHABLE_CODE = YES;
				CLANG_WARN__DUPLICATE_METHOD_MATCH = YES;
				CODE_SIGN_IDENTITY = "Mac Developer";
				COPY_PHASE_STRIP = NO;
				DEBUG_INFORMATION_FORMAT = "dwarf-with-dsym";
				ENABLE_NS_ASSERTIONS = NO;
				ENABLE_STRICT_OBJC_MSGSEND = YES;
				GCC_C_LANGUAGE_STANDARD = gnu11;
				GCC_NO_COMMON_BLOCKS = YES;
				GCC_WARN_64_TO_32_BIT_CONVERSION = YES;
				GCC_WARN_ABOUT_RETURN_TYPE = YES_ERROR;
				GCC_WARN_UNDECLARED_SELECTOR = YES;
				GCC_WARN_UNINITIALIZED_AUTOS = YES_AGGRESSIVE;
				GCC_WARN_UNUSED_FUNCTION = YES;
				GCC_WARN_UNUSED_VARIABLE = YES;
				MACOSX_DEPLOYMENT_TARGET = 10.14;
				MTL_ENABLE_DEBUG_INFO = NO;
				SDKROOT = macosx;
				SWIFT_COMPILATION_MODE = wholemodule;
				SWIFT_OPTIMIZATION_LEVEL = "-O";
			};
			name = Release;
		};
		4272AF1520C686BD00F15834 /* Debug */ = {
			isa = XCBuildConfiguration;
			baseConfigurationReference = 696E8E9F6CF3A28CA09A1744 /* Pods-Blotchy.debug.xcconfig */;
			buildSettings = {
				ASSETCATALOG_COMPILER_APPICON_NAME = AppIcon;
				CODE_SIGN_IDENTITY = "";
				CODE_SIGN_STYLE = Manual;
				COMBINE_HIDPI_IMAGES = YES;
				CURRENT_PROJECT_VERSION = 2;
				DEVELOPMENT_TEAM = "";
				INFOPLIST_FILE = Blotchy/Info.plist;
				LD_RUNPATH_SEARCH_PATHS = (
					"$(inherited)",
					"@executable_path/../Frameworks",
				);
				MACOSX_DEPLOYMENT_TARGET = 10.13;
				PRODUCT_BUNDLE_IDENTIFIER = com.notjosh.Blotchy;
				PRODUCT_NAME = "$(TARGET_NAME)";
				PROVISIONING_PROFILE_SPECIFIER = "";
				SWIFT_VERSION = 4.2;
				VERSIONING_SYSTEM = "apple-generic";
			};
			name = Debug;
		};
		4272AF1620C686BD00F15834 /* Release */ = {
			isa = XCBuildConfiguration;
			baseConfigurationReference = 5604E62ADCECD31F55BE08B3 /* Pods-Blotchy.release.xcconfig */;
			buildSettings = {
				ASSETCATALOG_COMPILER_APPICON_NAME = AppIcon;
				CODE_SIGN_IDENTITY = "Developer ID Application";
				CODE_SIGN_STYLE = Manual;
				COMBINE_HIDPI_IMAGES = YES;
				CURRENT_PROJECT_VERSION = 2;
				DEVELOPMENT_TEAM = FR4Z9GU3K2;
				INFOPLIST_FILE = Blotchy/Info.plist;
				LD_RUNPATH_SEARCH_PATHS = (
					"$(inherited)",
					"@executable_path/../Frameworks",
				);
				MACOSX_DEPLOYMENT_TARGET = 10.13;
				PRODUCT_BUNDLE_IDENTIFIER = com.notjosh.Blotchy;
				PRODUCT_NAME = "$(TARGET_NAME)";
				PROVISIONING_PROFILE = "8e18060d-c309-44a0-b8cf-cfcf6c6a6fec";
				PROVISIONING_PROFILE_SPECIFIER = Blotchy;
				SWIFT_VERSION = 4.2;
				VERSIONING_SYSTEM = "apple-generic";
			};
			name = Release;
		};
/* End XCBuildConfiguration section */

/* Begin XCConfigurationList section */
		4243C3EF20DB077100925FE7 /* Build configuration list for PBXNativeTarget "BlotchyTests" */ = {
			isa = XCConfigurationList;
			buildConfigurations = (
				4243C3ED20DB077100925FE7 /* Debug */,
				4243C3EE20DB077100925FE7 /* Release */,
			);
			defaultConfigurationIsVisible = 0;
			defaultConfigurationName = Release;
		};
		4272AEFF20C686BB00F15834 /* Build configuration list for PBXProject "Blotchy" */ = {
			isa = XCConfigurationList;
			buildConfigurations = (
				4272AF1220C686BD00F15834 /* Debug */,
				4272AF1320C686BD00F15834 /* Release */,
			);
			defaultConfigurationIsVisible = 0;
			defaultConfigurationName = Release;
		};
		4272AF1420C686BD00F15834 /* Build configuration list for PBXNativeTarget "Blotchy" */ = {
			isa = XCConfigurationList;
			buildConfigurations = (
				4272AF1520C686BD00F15834 /* Debug */,
				4272AF1620C686BD00F15834 /* Release */,
			);
			defaultConfigurationIsVisible = 0;
			defaultConfigurationName = Release;
		};
/* End XCConfigurationList section */

/* Begin XCVersionGroup section */
		42BE782020EC35E600A43B1F /* DataModel.xcdatamodeld */ = {
			isa = XCVersionGroup;
			children = (
				42BE782120EC35E600A43B1F /* DataModel.xcdatamodel */,
			);
			currentVersion = 42BE782120EC35E600A43B1F /* DataModel.xcdatamodel */;
			path = DataModel.xcdatamodeld;
			sourceTree = "<group>";
			versionGroupType = wrapper.xcdatamodel;
		};
/* End XCVersionGroup section */
	};
	rootObject = 4272AEFC20C686BB00F15834 /* Project object */;
}
