// !$*UTF8*$!
{
	archiveVersion = 1;
	classes = {
	};
	objectVersion = 50;
	objects = {

/* Begin PBXBuildFile section */
		4272AF0820C686BB00F15834 /* AppDelegate.swift in Sources */ = {isa = PBXBuildFile; fileRef = 4272AF0720C686BB00F15834 /* AppDelegate.swift */; };
		4272AF0A20C686BB00F15834 /* ViewController.swift in Sources */ = {isa = PBXBuildFile; fileRef = 4272AF0920C686BB00F15834 /* ViewController.swift */; };
		4272AF0C20C686BD00F15834 /* Assets.xcassets in Resources */ = {isa = PBXBuildFile; fileRef = 4272AF0B20C686BD00F15834 /* Assets.xcassets */; };
		4272AF0F20C686BD00F15834 /* Main.storyboard in Resources */ = {isa = PBXBuildFile; fileRef = 4272AF0D20C686BD00F15834 /* Main.storyboard */; };
		4272AF1820C690C900F15834 /* DroppableView.swift in Sources */ = {isa = PBXBuildFile; fileRef = 4272AF1720C690C900F15834 /* DroppableView.swift */; };
		4272AF1A20C6A4DD00F15834 /* SearchWindowController.swift in Sources */ = {isa = PBXBuildFile; fileRef = 4272AF1920C6A4DD00F15834 /* SearchWindowController.swift */; };
		F6FFA44A73269B80ACFA3681 /* Pods_Blotchy.framework in Frameworks */ = {isa = PBXBuildFile; fileRef = 960BBAF11BD45921ED9D044A /* Pods_Blotchy.framework */; };
/* End PBXBuildFile section */

/* Begin PBXFileReference section */
		4272AF0420C686BB00F15834 /* Blotchy.app */ = {isa = PBXFileReference; explicitFileType = wrapper.application; includeInIndex = 0; path = Blotchy.app; sourceTree = BUILT_PRODUCTS_DIR; };
		4272AF0720C686BB00F15834 /* AppDelegate.swift */ = {isa = PBXFileReference; lastKnownFileType = sourcecode.swift; path = AppDelegate.swift; sourceTree = "<group>"; };
		4272AF0920C686BB00F15834 /* ViewController.swift */ = {isa = PBXFileReference; lastKnownFileType = sourcecode.swift; path = ViewController.swift; sourceTree = "<group>"; };
		4272AF0B20C686BD00F15834 /* Assets.xcassets */ = {isa = PBXFileReference; lastKnownFileType = folder.assetcatalog; path = Assets.xcassets; sourceTree = "<group>"; };
		4272AF0E20C686BD00F15834 /* Base */ = {isa = PBXFileReference; lastKnownFileType = file.storyboard; name = Base; path = Base.lproj/Main.storyboard; sourceTree = "<group>"; };
		4272AF1020C686BD00F15834 /* Info.plist */ = {isa = PBXFileReference; lastKnownFileType = text.plist.xml; path = Info.plist; sourceTree = "<group>"; };
		4272AF1120C686BD00F15834 /* Blotchy.entitlements */ = {isa = PBXFileReference; lastKnownFileType = text.plist.entitlements; path = Blotchy.entitlements; sourceTree = "<group>"; };
		4272AF1720C690C900F15834 /* DroppableView.swift */ = {isa = PBXFileReference; lastKnownFileType = sourcecode.swift; path = DroppableView.swift; sourceTree = "<group>"; };
		4272AF1920C6A4DD00F15834 /* SearchWindowController.swift */ = {isa = PBXFileReference; lastKnownFileType = sourcecode.swift; path = SearchWindowController.swift; sourceTree = "<group>"; };
		5604E62ADCECD31F55BE08B3 /* Pods-Blotchy.release.xcconfig */ = {isa = PBXFileReference; includeInIndex = 1; lastKnownFileType = text.xcconfig; name = "Pods-Blotchy.release.xcconfig"; path = "Pods/Target Support Files/Pods-Blotchy/Pods-Blotchy.release.xcconfig"; sourceTree = "<group>"; };
		696E8E9F6CF3A28CA09A1744 /* Pods-Blotchy.debug.xcconfig */ = {isa = PBXFileReference; includeInIndex = 1; lastKnownFileType = text.xcconfig; name = "Pods-Blotchy.debug.xcconfig"; path = "Pods/Target Support Files/Pods-Blotchy/Pods-Blotchy.debug.xcconfig"; sourceTree = "<group>"; };
		960BBAF11BD45921ED9D044A /* Pods_Blotchy.framework */ = {isa = PBXFileReference; explicitFileType = wrapper.framework; includeInIndex = 0; path = Pods_Blotchy.framework; sourceTree = BUILT_PRODUCTS_DIR; };
/* End PBXFileReference section */

/* Begin PBXFrameworksBuildPhase section */
		4272AF0120C686BB00F15834 /* Frameworks */ = {
			isa = PBXFrameworksBuildPhase;
			buildActionMask = 2147483647;
			files = (
				F6FFA44A73269B80ACFA3681 /* Pods_Blotchy.framework in Frameworks */,
			);
			runOnlyForDeploymentPostprocessing = 0;
		};
/* End PBXFrameworksBuildPhase section */

/* Begin PBXGroup section */
		20CBA8EB41AE3A3C0B90ABB5 /* Frameworks */ = {
			isa = PBXGroup;
			children = (
				960BBAF11BD45921ED9D044A /* Pods_Blotchy.framework */,
			);
			name = Frameworks;
			sourceTree = "<group>";
		};
		4272AEFB20C686BB00F15834 = {
			isa = PBXGroup;
			children = (
				4272AF0620C686BB00F15834 /* Blotchy */,
				4272AF0520C686BB00F15834 /* Products */,
				DD9EC2E2FC317E44E9F8B327 /* Pods */,
				20CBA8EB41AE3A3C0B90ABB5 /* Frameworks */,
			);
			sourceTree = "<group>";
		};
		4272AF0520C686BB00F15834 /* Products */ = {
			isa = PBXGroup;
			children = (
				4272AF0420C686BB00F15834 /* Blotchy.app */,
			);
			name = Products;
			sourceTree = "<group>";
		};
		4272AF0620C686BB00F15834 /* Blotchy */ = {
			isa = PBXGroup;
			children = (
				4272AF0720C686BB00F15834 /* AppDelegate.swift */,
				4272AF0920C686BB00F15834 /* ViewController.swift */,
				4272AF1720C690C900F15834 /* DroppableView.swift */,
				4272AF1920C6A4DD00F15834 /* SearchWindowController.swift */,
				4272AF0B20C686BD00F15834 /* Assets.xcassets */,
				4272AF0D20C686BD00F15834 /* Main.storyboard */,
				4272AF1020C686BD00F15834 /* Info.plist */,
				4272AF1120C686BD00F15834 /* Blotchy.entitlements */,
			);
			path = Blotchy;
			sourceTree = "<group>";
		};
		DD9EC2E2FC317E44E9F8B327 /* Pods */ = {
			isa = PBXGroup;
			children = (
				696E8E9F6CF3A28CA09A1744 /* Pods-Blotchy.debug.xcconfig */,
				5604E62ADCECD31F55BE08B3 /* Pods-Blotchy.release.xcconfig */,
			);
			name = Pods;
			sourceTree = "<group>";
		};
/* End PBXGroup section */

/* Begin PBXNativeTarget section */
		4272AF0320C686BB00F15834 /* Blotchy */ = {
			isa = PBXNativeTarget;
			buildConfigurationList = 4272AF1420C686BD00F15834 /* Build configuration list for PBXNativeTarget "Blotchy" */;
			buildPhases = (
				5B056ED834E886E313EC8DCD /* [CP] Check Pods Manifest.lock */,
				4272AF0020C686BB00F15834 /* Sources */,
				4272AF0120C686BB00F15834 /* Frameworks */,
				4272AF0220C686BB00F15834 /* Resources */,
				925E6EFC02053BA0A2B54C04 /* [CP] Embed Pods Frameworks */,
			);
			buildRules = (
			);
			dependencies = (
			);
			name = Blotchy;
			productName = Blotchy;
			productReference = 4272AF0420C686BB00F15834 /* Blotchy.app */;
			productType = "com.apple.product-type.application";
		};
/* End PBXNativeTarget section */

/* Begin PBXProject section */
		4272AEFC20C686BB00F15834 /* Project object */ = {
			isa = PBXProject;
			attributes = {
				LastSwiftUpdateCheck = 1000;
				LastUpgradeCheck = 1000;
				ORGANIZATIONNAME = "Joshua May";
				TargetAttributes = {
					4272AF0320C686BB00F15834 = {
						CreatedOnToolsVersion = 10.0;
						SystemCapabilities = {
							com.apple.Sandbox = {
								enabled = 1;
							};
						};
					};
				};
			};
			buildConfigurationList = 4272AEFF20C686BB00F15834 /* Build configuration list for PBXProject "Blotchy" */;
			compatibilityVersion = "Xcode 9.3";
			developmentRegion = en;
			hasScannedForEncodings = 0;
			knownRegions = (
				en,
				Base,
			);
			mainGroup = 4272AEFB20C686BB00F15834;
			productRefGroup = 4272AF0520C686BB00F15834 /* Products */;
			projectDirPath = "";
			projectRoot = "";
			targets = (
				4272AF0320C686BB00F15834 /* Blotchy */,
			);
		};
/* End PBXProject section */

/* Begin PBXResourcesBuildPhase section */
		4272AF0220C686BB00F15834 /* Resources */ = {
			isa = PBXResourcesBuildPhase;
			buildActionMask = 2147483647;
			files = (
				4272AF0C20C686BD00F15834 /* Assets.xcassets in Resources */,
				4272AF0F20C686BD00F15834 /* Main.storyboard in Resources */,
			);
			runOnlyForDeploymentPostprocessing = 0;
		};
/* End PBXResourcesBuildPhase section */

/* Begin PBXShellScriptBuildPhase section */
		5B056ED834E886E313EC8DCD /* [CP] Check Pods Manifest.lock */ = {
			isa = PBXShellScriptBuildPhase;
			buildActionMask = 2147483647;
			files = (
			);
			inputPaths = (
				"${PODS_PODFILE_DIR_PATH}/Podfile.lock",
				"${PODS_ROOT}/Manifest.lock",
			);
			name = "[CP] Check Pods Manifest.lock";
			outputPaths = (
				"$(DERIVED_FILE_DIR)/Pods-Blotchy-checkManifestLockResult.txt",
			);
			runOnlyForDeploymentPostprocessing = 0;
			shellPath = /bin/sh;
			shellScript = "diff \"${PODS_PODFILE_DIR_PATH}/Podfile.lock\" \"${PODS_ROOT}/Manifest.lock\" > /dev/null\nif [ $? != 0 ] ; then\n    # print error to STDERR\n    echo \"error: The sandbox is not in sync with the Podfile.lock. Run 'pod install' or update your CocoaPods installation.\" >&2\n    exit 1\nfi\n# This output is used by Xcode 'outputs' to avoid re-running this script phase.\necho \"SUCCESS\" > \"${SCRIPT_OUTPUT_FILE_0}\"\n";
			showEnvVarsInLog = 0;
		};
		925E6EFC02053BA0A2B54C04 /* [CP] Embed Pods Frameworks */ = {
			isa = PBXShellScriptBuildPhase;
			buildActionMask = 2147483647;
			files = (
			);
			inputPaths = (
				"${SRCROOT}/Pods/Target Support Files/Pods-Blotchy/Pods-Blotchy-frameworks.sh",
				"${BUILT_PRODUCTS_DIR}/HighlightedWebView/HighlightedWebView.framework",
			);
			name = "[CP] Embed Pods Frameworks";
			outputPaths = (
				"${TARGET_BUILD_DIR}/${FRAMEWORKS_FOLDER_PATH}/HighlightedWebView.framework",
			);
			runOnlyForDeploymentPostprocessing = 0;
			shellPath = /bin/sh;
			shellScript = "\"${SRCROOT}/Pods/Target Support Files/Pods-Blotchy/Pods-Blotchy-frameworks.sh\"\n";
			showEnvVarsInLog = 0;
		};
/* End PBXShellScriptBuildPhase section */

/* Begin PBXSourcesBuildPhase section */
		4272AF0020C686BB00F15834 /* Sources */ = {
			isa = PBXSourcesBuildPhase;
			buildActionMask = 2147483647;
			files = (
				4272AF1820C690C900F15834 /* DroppableView.swift in Sources */,
				4272AF1A20C6A4DD00F15834 /* SearchWindowController.swift in Sources */,
				4272AF0A20C686BB00F15834 /* ViewController.swift in Sources */,
				4272AF0820C686BB00F15834 /* AppDelegate.swift in Sources */,
			);
			runOnlyForDeploymentPostprocessing = 0;
		};
/* End PBXSourcesBuildPhase section */

/* Begin PBXVariantGroup section */
		4272AF0D20C686BD00F15834 /* Main.storyboard */ = {
			isa = PBXVariantGroup;
			children = (
				4272AF0E20C686BD00F15834 /* Base */,
			);
			name = Main.storyboard;
			sourceTree = "<group>";
		};
/* End PBXVariantGroup section */

/* Begin XCBuildConfiguration section */
		4272AF1220C686BD00F15834 /* Debug */ = {
			isa = XCBuildConfiguration;
			buildSettings = {
				ALWAYS_SEARCH_USER_PATHS = NO;
				CLANG_ANALYZER_NONNULL = YES;
				CLANG_ANALYZER_NUMBER_OBJECT_CONVERSION = YES_AGGRESSIVE;
				CLANG_CXX_LANGUAGE_STANDARD = "gnu++14";
				CLANG_CXX_LIBRARY = "libc++";
				CLANG_ENABLE_MODULES = YES;
				CLANG_ENABLE_OBJC_ARC = YES;
				CLANG_ENABLE_OBJC_WEAK = YES;
				CLANG_WARN_BLOCK_CAPTURE_AUTORELEASING = YES;
				CLANG_WARN_BOOL_CONVERSION = YES;
				CLANG_WARN_COMMA = YES;
				CLANG_WARN_CONSTANT_CONVERSION = YES;
				CLANG_WARN_DEPRECATED_OBJC_IMPLEMENTATIONS = YES;
				CLANG_WARN_DIRECT_OBJC_ISA_USAGE = YES_ERROR;
				CLANG_WARN_DOCUMENTATION_COMMENTS = YES;
				CLANG_WARN_EMPTY_BODY = YES;
				CLANG_WARN_ENUM_CONVERSION = YES;
				CLANG_WARN_INFINITE_RECURSION = YES;
				CLANG_WARN_INT_CONVERSION = YES;
				CLANG_WARN_NON_LITERAL_NULL_CONVERSION = YES;
				CLANG_WARN_OBJC_IMPLICIT_RETAIN_SELF = YES;
				CLANG_WARN_OBJC_LITERAL_CONVERSION = YES;
				CLANG_WARN_OBJC_ROOT_CLASS = YES_ERROR;
				CLANG_WARN_RANGE_LOOP_ANALYSIS = YES;
				CLANG_WARN_STRICT_PROTOTYPES = YES;
				CLANG_WARN_SUSPICIOUS_MOVE = YES;
				CLANG_WARN_UNGUARDED_AVAILABILITY = YES_AGGRESSIVE;
				CLANG_WARN_UNREACHABLE_CODE = YES;
				CLANG_WARN__DUPLICATE_METHOD_MATCH = YES;
				CODE_SIGN_IDENTITY = "Mac Developer";
				COPY_PHASE_STRIP = NO;
				DEBUG_INFORMATION_FORMAT = dwarf;
				ENABLE_STRICT_OBJC_MSGSEND = YES;
				ENABLE_TESTABILITY = YES;
				GCC_C_LANGUAGE_STANDARD = gnu11;
				GCC_DYNAMIC_NO_PIC = NO;
				GCC_NO_COMMON_BLOCKS = YES;
				GCC_OPTIMIZATION_LEVEL = 0;
				GCC_PREPROCESSOR_DEFINITIONS = (
					"DEBUG=1",
					"$(inherited)",
				);
				GCC_WARN_64_TO_32_BIT_CONVERSION = YES;
				GCC_WARN_ABOUT_RETURN_TYPE = YES_ERROR;
				GCC_WARN_UNDECLARED_SELECTOR = YES;
				GCC_WARN_UNINITIALIZED_AUTOS = YES_AGGRESSIVE;
				GCC_WARN_UNUSED_FUNCTION = YES;
				GCC_WARN_UNUSED_VARIABLE = YES;
				MACOSX_DEPLOYMENT_TARGET = 10.14;
				MTL_ENABLE_DEBUG_INFO = INCLUDE_SOURCE;
				ONLY_ACTIVE_ARCH = YES;
				SDKROOT = macosx;
				SWIFT_ACTIVE_COMPILATION_CONDITIONS = DEBUG;
				SWIFT_OPTIMIZATION_LEVEL = "-Onone";
			};
			name = Debug;
		};
		4272AF1320C686BD00F15834 /* Release */ = {
			isa = XCBuildConfiguration;
			buildSettings = {
				ALWAYS_SEARCH_USER_PATHS = NO;
				CLANG_ANALYZER_NONNULL = YES;
				CLANG_ANALYZER_NUMBER_OBJECT_CONVERSION = YES_AGGRESSIVE;
				CLANG_CXX_LANGUAGE_STANDARD = "gnu++14";
				CLANG_CXX_LIBRARY = "libc++";
				CLANG_ENABLE_MODULES = YES;
				CLANG_ENABLE_OBJC_ARC = YES;
				CLANG_ENABLE_OBJC_WEAK = YES;
				CLANG_WARN_BLOCK_CAPTURE_AUTORELEASING = YES;
				CLANG_WARN_BOOL_CONVERSION = YES;
				CLANG_WARN_COMMA = YES;
				CLANG_WARN_CONSTANT_CONVERSION = YES;
				CLANG_WARN_DEPRECATED_OBJC_IMPLEMENTATIONS = YES;
				CLANG_WARN_DIRECT_OBJC_ISA_USAGE = YES_ERROR;
				CLANG_WARN_DOCUMENTATION_COMMENTS = YES;
				CLANG_WARN_EMPTY_BODY = YES;
				CLANG_WARN_ENUM_CONVERSION = YES;
				CLANG_WARN_INFINITE_RECURSION = YES;
				CLANG_WARN_INT_CONVERSION = YES;
				CLANG_WARN_NON_LITERAL_NULL_CONVERSION = YES;
				CLANG_WARN_OBJC_IMPLICIT_RETAIN_SELF = YES;
				CLANG_WARN_OBJC_LITERAL_CONVERSION = YES;
				CLANG_WARN_OBJC_ROOT_CLASS = YES_ERROR;
				CLANG_WARN_RANGE_LOOP_ANALYSIS = YES;
				CLANG_WARN_STRICT_PROTOTYPES = YES;
				CLANG_WARN_SUSPICIOUS_MOVE = YES;
				CLANG_WARN_UNGUARDED_AVAILABILITY = YES_AGGRESSIVE;
				CLANG_WARN_UNREACHABLE_CODE = YES;
				CLANG_WARN__DUPLICATE_METHOD_MATCH = YES;
				CODE_SIGN_IDENTITY = "Mac Developer";
				COPY_PHASE_STRIP = NO;
				DEBUG_INFORMATION_FORMAT = "dwarf-with-dsym";
				ENABLE_NS_ASSERTIONS = NO;
				ENABLE_STRICT_OBJC_MSGSEND = YES;
				GCC_C_LANGUAGE_STANDARD = gnu11;
				GCC_NO_COMMON_BLOCKS = YES;
				GCC_WARN_64_TO_32_BIT_CONVERSION = YES;
				GCC_WARN_ABOUT_RETURN_TYPE = YES_ERROR;
				GCC_WARN_UNDECLARED_SELECTOR = YES;
				GCC_WARN_UNINITIALIZED_AUTOS = YES_AGGRESSIVE;
				GCC_WARN_UNUSED_FUNCTION = YES;
				GCC_WARN_UNUSED_VARIABLE = YES;
				MACOSX_DEPLOYMENT_TARGET = 10.14;
				MTL_ENABLE_DEBUG_INFO = NO;
				SDKROOT = macosx;
				SWIFT_COMPILATION_MODE = wholemodule;
				SWIFT_OPTIMIZATION_LEVEL = "-O";
			};
			name = Release;
		};
		4272AF1520C686BD00F15834 /* Debug */ = {
			isa = XCBuildConfiguration;
			baseConfigurationReference = 696E8E9F6CF3A28CA09A1744 /* Pods-Blotchy.debug.xcconfig */;
			buildSettings = {
				ASSETCATALOG_COMPILER_APPICON_NAME = AppIcon;
				CODE_SIGN_ENTITLEMENTS = Blotchy/Blotchy.entitlements;
				CODE_SIGN_STYLE = Automatic;
				COMBINE_HIDPI_IMAGES = YES;
				DEVELOPMENT_TEAM = 2XN7W4EZ34;
				INFOPLIST_FILE = Blotchy/Info.plist;
				LD_RUNPATH_SEARCH_PATHS = (
					"$(inherited)",
					"@executable_path/../Frameworks",
				);
				PRODUCT_BUNDLE_IDENTIFIER = com.notjosh.Blotchy;
				PRODUCT_NAME = "$(TARGET_NAME)";
				SWIFT_VERSION = 4.2;
			};
			name = Debug;
		};
		4272AF1620C686BD00F15834 /* Release */ = {
			isa = XCBuildConfiguration;
			baseConfigurationReference = 5604E62ADCECD31F55BE08B3 /* Pods-Blotchy.release.xcconfig */;
			buildSettings = {
				ASSETCATALOG_COMPILER_APPICON_NAME = AppIcon;
				CODE_SIGN_ENTITLEMENTS = Blotchy/Blotchy.entitlements;
				CODE_SIGN_STYLE = Automatic;
				COMBINE_HIDPI_IMAGES = YES;
				DEVELOPMENT_TEAM = 2XN7W4EZ34;
				INFOPLIST_FILE = Blotchy/Info.plist;
				LD_RUNPATH_SEARCH_PATHS = (
					"$(inherited)",
					"@executable_path/../Frameworks",
				);
				PRODUCT_BUNDLE_IDENTIFIER = com.notjosh.Blotchy;
				PRODUCT_NAME = "$(TARGET_NAME)";
				SWIFT_VERSION = 4.2;
			};
			name = Release;
		};
/* End XCBuildConfiguration section */

/* Begin XCConfigurationList section */
		4272AEFF20C686BB00F15834 /* Build configuration list for PBXProject "Blotchy" */ = {
			isa = XCConfigurationList;
			buildConfigurations = (
				4272AF1220C686BD00F15834 /* Debug */,
				4272AF1320C686BD00F15834 /* Release */,
			);
			defaultConfigurationIsVisible = 0;
			defaultConfigurationName = Release;
		};
		4272AF1420C686BD00F15834 /* Build configuration list for PBXNativeTarget "Blotchy" */ = {
			isa = XCConfigurationList;
			buildConfigurations = (
				4272AF1520C686BD00F15834 /* Debug */,
				4272AF1620C686BD00F15834 /* Release */,
			);
			defaultConfigurationIsVisible = 0;
			defaultConfigurationName = Release;
		};
/* End XCConfigurationList section */
	};
	rootObject = 4272AEFC20C686BB00F15834 /* Project object */;
}
