PODS:
  - AXSwift (0.2.1)
  - HighlightedWebView (0.0.1)
  - MASPreferences (1.3)
  - Sparkle (1.19.0)

DEPENDENCIES:
  - AXSwift (~> 0.2)
  - HighlightedWebView (~> 0.0.1)
  - MASPreferences
  - Sparkle

SPEC REPOS:
  https://github.com/cocoapods/specs.git:
    - AXSwift
    - HighlightedWebView
    - MASPreferences
    - Sparkle

SPEC CHECKSUMS:
  AXSwift: 4042f63258a556ab3e6335ccaf02196e3f7745fa
  HighlightedWebView: 69f7ac2bf7e61581509661a3bb0b37c4c54661aa
  MASPreferences: c08b8622dd17b47da87669e741efd7c92e970e8c
  Sparkle: 8486d2493599665e466b5076e72b28849776e32f

PODFILE CHECKSUM: aa2845ae31285906edd69acf9145c1e0b49b5b42

COCOAPODS: 1.5.3
