PODS:
  - AXSwift (0.2.1)
  - HighlightedWebView (0.0.1)

DEPENDENCIES:
  - AXSwift (~> 0.2)
  - HighlightedWebView (~> 0.0.1)

SPEC REPOS:
  https://github.com/cocoapods/specs.git:
    - AXSwift
    - HighlightedWebView

SPEC CHECKSUMS:
  AXSwift: 4042f63258a556ab3e6335ccaf02196e3f7745fa
  HighlightedWebView: 69f7ac2bf7e61581509661a3bb0b37c4c54661aa

PODFILE CHECKSUM: 602197d3ee683a8da624f3039e4898bf1eea9ce5

COCOAPODS: 1.5.3
