PODS:
  - HighlightedWebView (0.0.1)

DEPENDENCIES:
  - HighlightedWebView (~> 0.0.1)

SPEC REPOS:
  https://github.com/cocoapods/specs.git:
    - HighlightedWebView

SPEC CHECKSUMS:
  HighlightedWebView: 69f7ac2bf7e61581509661a3bb0b37c4c54661aa

PODFILE CHECKSUM: 61dcdae65def6b05d476ff189f1b0b3d0af04d1d

COCOAPODS: 1.5.2
